
Microsoft Visual Studio Solution File, Format Version 12.00
# Visual Studio Version 16
VisualStudioVersion = 16.0.31005.135
MinimumVisualStudioVersion = 10.0.40219.1
Project("{FAE04EC0-301F-11D3-BF4B-00C04F79EFBC}") = "UserMaintenance", "UserMaintenance\UserMaintenance.csproj", "{95B510DC-E202-44A7-9B1C-4A5B0511FDC5}"
EndProject
Project("{FAE04EC0-301F-11D3-BF4B-00C04F79EFBC}") = "ExcelGeneration", "..\ExcelGeneration\ExcelGeneration.csproj", "{7EEF1998-BF65-4FD0-A332-3CED745F06AE}"
EndProject
Global
	GlobalSection(SolutionConfigurationPlatforms) = preSolution
		Debug|Any CPU = Debug|Any CPU
		Release|Any CPU = Release|Any CPU
	EndGlobalSection
	GlobalSection(ProjectConfigurationPlatforms) = postSolution
		{95B510DC-E202-44A7-9B1C-4A5B0511FDC5}.Debug|Any CPU.ActiveCfg = Debug|Any CPU
		{95B510DC-E202-44A7-9B1C-4A5B0511FDC5}.Debug|Any CPU.Build.0 = Debug|Any CPU
		{95B510DC-E202-44A7-9B1C-4A5B0511FDC5}.Release|Any CPU.ActiveCfg = Release|Any CPU
		{95B510DC-E202-44A7-9B1C-4A5B0511FDC5}.Release|Any CPU.Build.0 = Release|Any CPU
		{7EEF1998-BF65-4FD0-A332-3CED745F06AE}.Debug|Any CPU.ActiveCfg = Debug|Any CPU
		{7EEF1998-BF65-4FD0-A332-3CED745F06AE}.Debug|Any CPU.Build.0 = Debug|Any CPU
		{7EEF1998-BF65-4FD0-A332-3CED745F06AE}.Release|Any CPU.ActiveCfg = Release|Any CPU
		{7EEF1998-BF65-4FD0-A332-3CED745F06AE}.Release|Any CPU.Build.0 = Release|Any CPU
	EndGlobalSection
	GlobalSection(SolutionProperties) = preSolution
		HideSolutionNode = FALSE
	EndGlobalSection
	GlobalSection(ExtensibilityGlobals) = postSolution
		SolutionGuid = {5C7DFDEB-F5FB-4A95-AD4C-FA7D43B8A2CD}
	EndGlobalSection
EndGlobal
