
Microsoft Visual Studio Solution File, Format Version 12.00
# Visual Studio Version 16
VisualStudioVersion = 16.0.31005.135
MinimumVisualStudioVersion = 10.0.40219.1
Project("{FAE04EC0-301F-11D3-BF4B-00C04F79EFBC}") = "Evol", "Evol\Evol.csproj", "{ABA86089-F58B-4FA2-8B5C-CAEA082B9647}"
EndProject
Global
	GlobalSection(SolutionConfigurationPlatforms) = preSolution
		Debug|Any CPU = Debug|Any CPU
		Release|Any CPU = Release|Any CPU
	EndGlobalSection
	GlobalSection(ProjectConfigurationPlatforms) = postSolution
		{ABA86089-F58B-4FA2-8B5C-CAEA082B9647}.Debug|Any CPU.ActiveCfg = Debug|Any CPU
		{ABA86089-F58B-4FA2-8B5C-CAEA082B9647}.Debug|Any CPU.Build.0 = Debug|Any CPU
		{ABA86089-F58B-4FA2-8B5C-CAEA082B9647}.Release|Any CPU.ActiveCfg = Release|Any CPU
		{ABA86089-F58B-4FA2-8B5C-CAEA082B9647}.Release|Any CPU.Build.0 = Release|Any CPU
	EndGlobalSection
	GlobalSection(SolutionProperties) = preSolution
		HideSolutionNode = FALSE
	EndGlobalSection
	GlobalSection(ExtensibilityGlobals) = postSolution
		SolutionGuid = {6186522A-50A8-4873-9AEC-5336CBAC8B69}
	EndGlobalSection
EndGlobal
